
Microsoft Visual Studio Solution File, Format Version 12.00
# Visual Studio Version 17
VisualStudioVersion = 17.5.33627.172
MinimumVisualStudioVersion = 10.0.40219.1
Project("{9A19103F-16F7-4668-BE54-9A1E7A4F7556}") = "BusinessObjects", "BusinessObjects\BusinessObjects.csproj", "{3C4AF358-1079-414A-B882-5152F806B42F}"
EndProject
Project("{9A19103F-16F7-4668-BE54-9A1E7A4F7556}") = "DataAccessObjects", "DataAccessObjects\DataAccessObjects.csproj", "{FB6228F3-D985-4865-BCF3-92E53E93DAA7}"
EndProject
Project("{9A19103F-16F7-4668-BE54-9A1E7A4F7556}") = "Repositories", "Repositories\Repositories.csproj", "{6FEF1A68-6A97-4115-B49A-899DB47E7B54}"
EndProject
Project("{9A19103F-16F7-4668-BE54-9A1E7A4F7556}") = "SaleManagementWinApp", "SaleManagementWinApp\SaleManagementWinApp.csproj", "{0130BBB2-BA55-40DB-9803-BC7FFD10B7EA}"
EndProject
Project("{FAE04EC0-301F-11D3-BF4B-00C04F79EFBC}") = "SaleManagementWebMVC", "SaleManagementWebMVC\SaleManagementWebMVC.csproj", "{E22DB085-2738-4241-B957-95C3D973BDF8}"
EndProject
Global
	GlobalSection(SolutionConfigurationPlatforms) = preSolution
		Debug|Any CPU = Debug|Any CPU
		Release|Any CPU = Release|Any CPU
	EndGlobalSection
	GlobalSection(ProjectConfigurationPlatforms) = postSolution
		{3C4AF358-1079-414A-B882-5152F806B42F}.Debug|Any CPU.ActiveCfg = Debug|Any CPU
		{3C4AF358-1079-414A-B882-5152F806B42F}.Debug|Any CPU.Build.0 = Debug|Any CPU
		{3C4AF358-1079-414A-B882-5152F806B42F}.Release|Any CPU.ActiveCfg = Release|Any CPU
		{3C4AF358-1079-414A-B882-5152F806B42F}.Release|Any CPU.Build.0 = Release|Any CPU
		{FB6228F3-D985-4865-BCF3-92E53E93DAA7}.Debug|Any CPU.ActiveCfg = Debug|Any CPU
		{FB6228F3-D985-4865-BCF3-92E53E93DAA7}.Debug|Any CPU.Build.0 = Debug|Any CPU
		{FB6228F3-D985-4865-BCF3-92E53E93DAA7}.Release|Any CPU.ActiveCfg = Release|Any CPU
		{FB6228F3-D985-4865-BCF3-92E53E93DAA7}.Release|Any CPU.Build.0 = Release|Any CPU
		{6FEF1A68-6A97-4115-B49A-899DB47E7B54}.Debug|Any CPU.ActiveCfg = Debug|Any CPU
		{6FEF1A68-6A97-4115-B49A-899DB47E7B54}.Debug|Any CPU.Build.0 = Debug|Any CPU
		{6FEF1A68-6A97-4115-B49A-899DB47E7B54}.Release|Any CPU.ActiveCfg = Release|Any CPU
		{6FEF1A68-6A97-4115-B49A-899DB47E7B54}.Release|Any CPU.Build.0 = Release|Any CPU
		{0130BBB2-BA55-40DB-9803-BC7FFD10B7EA}.Debug|Any CPU.ActiveCfg = Debug|Any CPU
		{0130BBB2-BA55-40DB-9803-BC7FFD10B7EA}.Debug|Any CPU.Build.0 = Debug|Any CPU
		{0130BBB2-BA55-40DB-9803-BC7FFD10B7EA}.Release|Any CPU.ActiveCfg = Release|Any CPU
		{0130BBB2-BA55-40DB-9803-BC7FFD10B7EA}.Release|Any CPU.Build.0 = Release|Any CPU
		{E22DB085-2738-4241-B957-95C3D973BDF8}.Debug|Any CPU.ActiveCfg = Debug|Any CPU
		{E22DB085-2738-4241-B957-95C3D973BDF8}.Debug|Any CPU.Build.0 = Debug|Any CPU
		{E22DB085-2738-4241-B957-95C3D973BDF8}.Release|Any CPU.ActiveCfg = Release|Any CPU
		{E22DB085-2738-4241-B957-95C3D973BDF8}.Release|Any CPU.Build.0 = Release|Any CPU
	EndGlobalSection
	GlobalSection(SolutionProperties) = preSolution
		HideSolutionNode = FALSE
	EndGlobalSection
	GlobalSection(ExtensibilityGlobals) = postSolution
		SolutionGuid = {B1856E9D-5DC4-46BC-8C80-44F98600E5BC}
	EndGlobalSection
EndGlobal
